
Microsoft Visual Studio Solution File, Format Version 12.00
# Visual Studio 15
VisualStudioVersion = 15.0.27703.2042
MinimumVisualStudioVersion = 10.0.40219.1
Project("{FAE04EC0-301F-11D3-BF4B-00C04F79EFBC}") = "AcPluginLib", "AcPluginLib\AcPluginLib.csproj", "{571B5302-B171-47DF-B6BE-C7D4F46E21DA}"
EndProject
Project("{FAE04EC0-301F-11D3-BF4B-00C04F79EFBC}") = "KunosExample", "KunosExample\KunosExample.csproj", "{CF3491DB-FA8D-4FB0-A458-93C1CC0ABC73}"
EndProject
Global
	GlobalSection(SolutionConfigurationPlatforms) = preSolution
		Debug|Any CPU = Debug|Any CPU
		Release|Any CPU = Release|Any CPU
	EndGlobalSection
	GlobalSection(ProjectConfigurationPlatforms) = postSolution
		{571B5302-B171-47DF-B6BE-C7D4F46E21DA}.Debug|Any CPU.ActiveCfg = Debug|Any CPU
		{571B5302-B171-47DF-B6BE-C7D4F46E21DA}.Debug|Any CPU.Build.0 = Debug|Any CPU
		{571B5302-B171-47DF-B6BE-C7D4F46E21DA}.Release|Any CPU.ActiveCfg = Release|Any CPU
		{571B5302-B171-47DF-B6BE-C7D4F46E21DA}.Release|Any CPU.Build.0 = Release|Any CPU
		{CF3491DB-FA8D-4FB0-A458-93C1CC0ABC73}.Debug|Any CPU.ActiveCfg = Debug|Any CPU
		{CF3491DB-FA8D-4FB0-A458-93C1CC0ABC73}.Debug|Any CPU.Build.0 = Debug|Any CPU
		{CF3491DB-FA8D-4FB0-A458-93C1CC0ABC73}.Release|Any CPU.ActiveCfg = Release|Any CPU
		{CF3491DB-FA8D-4FB0-A458-93C1CC0ABC73}.Release|Any CPU.Build.0 = Release|Any CPU
	EndGlobalSection
	GlobalSection(SolutionProperties) = preSolution
		HideSolutionNode = FALSE
	EndGlobalSection
	GlobalSection(ExtensibilityGlobals) = postSolution
		SolutionGuid = {7D27FAE1-9966-4E1F-ACD0-B4A6AEC087AE}
	EndGlobalSection
EndGlobal
